// !$*UTF8*$!
{
	archiveVersion = 1;
	classes = {
	};
	objectVersion = 55;
	objects = {

/* Begin PBXBuildFile section */
		0ED74734074C0BD080BDE24C /* Pods_uCar.framework in Frameworks */ = {isa = PBXBuildFile; fileRef = CF13BE94737E6518507447FC /* Pods_uCar.framework */; };
		2A7CB1812932A81B00614D04 /* LottieAnimationViewModel.swift in Sources */ = {isa = PBXBuildFile; fileRef = 2A7CB1802932A81B00614D04 /* LottieAnimationViewModel.swift */; };
		3629703D288216E400A0B567 /* in-develop-animation.json in Resources */ = {isa = PBXBuildFile; fileRef = 3629703C288216E400A0B567 /* in-develop-animation.json */; };
		36297040288218F000A0B567 /* InProgressView.swift in Sources */ = {isa = PBXBuildFile; fileRef = 3629703F288218F000A0B567 /* InProgressView.swift */; };
		3629704628821BFB00A0B567 /* HapticFeedbackService.swift in Sources */ = {isa = PBXBuildFile; fileRef = 3629704528821BFB00A0B567 /* HapticFeedbackService.swift */; };
		3629704B28821ED100A0B567 /* Images.swift in Sources */ = {isa = PBXBuildFile; fileRef = 3629704A28821ED100A0B567 /* Images.swift */; };
		3645B621287F627A007F4473 /* TextInput.swift in Sources */ = {isa = PBXBuildFile; fileRef = 3645B620287F627A007F4473 /* TextInput.swift */; };
		3645B624287F64EB007F4473 /* Colors.swift in Sources */ = {isa = PBXBuildFile; fileRef = 3645B623287F64EB007F4473 /* Colors.swift */; };
		3645B626287F6B1F007F4473 /* MainButton.swift in Sources */ = {isa = PBXBuildFile; fileRef = 3645B625287F6B1F007F4473 /* MainButton.swift */; };
		3645B629287F6D9D007F4473 /* ButtonStyles.swift in Sources */ = {isa = PBXBuildFile; fileRef = 3645B628287F6D9D007F4473 /* ButtonStyles.swift */; };
		3645B62B287F708F007F4473 /* MainText.swift in Sources */ = {isa = PBXBuildFile; fileRef = 3645B62A287F708F007F4473 /* MainText.swift */; };
		364C1156288C828600318F32 /* data.swift in Sources */ = {isa = PBXBuildFile; fileRef = 364C1155288C828600318F32 /* data.swift */; };
		364C1159288C856F00318F32 /* CarsViewModel.swift in Sources */ = {isa = PBXBuildFile; fileRef = 364C1158288C856F00318F32 /* CarsViewModel.swift */; };
		364C115C288C878E00318F32 /* BrandSelectionView.swift in Sources */ = {isa = PBXBuildFile; fileRef = 364C115B288C878E00318F32 /* BrandSelectionView.swift */; };
		364C115E288C894200318F32 /* BrandItem.swift in Sources */ = {isa = PBXBuildFile; fileRef = 364C115D288C894200318F32 /* BrandItem.swift */; };
		364C1160288C915600318F32 /* CarListView.swift in Sources */ = {isa = PBXBuildFile; fileRef = 364C115F288C915600318F32 /* CarListView.swift */; };
		364C1162288C91B600318F32 /* CarItemView.swift in Sources */ = {isa = PBXBuildFile; fileRef = 364C1161288C91B600318F32 /* CarItemView.swift */; };
		364C1164288C9E6700318F32 /* SearchInput.swift in Sources */ = {isa = PBXBuildFile; fileRef = 364C1163288C9E6700318F32 /* SearchInput.swift */; };
		364C1166288CA92100318F32 /* HomeHeader.swift in Sources */ = {isa = PBXBuildFile; fileRef = 364C1165288CA92100318F32 /* HomeHeader.swift */; };
		36553D3428820B680017333D /* LottieAnimationView.swift in Sources */ = {isa = PBXBuildFile; fileRef = 36553D3328820B680017333D /* LottieAnimationView.swift */; };
		365FED98288F148B008C4852 /* .swiftlint.yml in Resources */ = {isa = PBXBuildFile; fileRef = 365FED97288F148B008C4852 /* .swiftlint.yml */; };
		3687374B287CA8EC007DA423 /* uCarApp.swift in Sources */ = {isa = PBXBuildFile; fileRef = 3687374A287CA8EC007DA423 /* uCarApp.swift */; };
		3687374D287CA8EC007DA423 /* ContentView.swift in Sources */ = {isa = PBXBuildFile; fileRef = 3687374C287CA8EC007DA423 /* ContentView.swift */; };
		3687374F287CA8EF007DA423 /* Assets.xcassets in Resources */ = {isa = PBXBuildFile; fileRef = 3687374E287CA8EF007DA423 /* Assets.xcassets */; };
		36873752287CA8EF007DA423 /* Preview Assets.xcassets in Resources */ = {isa = PBXBuildFile; fileRef = 36873751287CA8EF007DA423 /* Preview Assets.xcassets */; };
		3693F93C287CC80A00F44A3F /* Inter-Regular.ttf in Resources */ = {isa = PBXBuildFile; fileRef = 3693F933287CC80A00F44A3F /* Inter-Regular.ttf */; };
		3693F93D287CC80A00F44A3F /* Inter-Light.ttf in Resources */ = {isa = PBXBuildFile; fileRef = 3693F934287CC80A00F44A3F /* Inter-Light.ttf */; };
		3693F93E287CC80A00F44A3F /* Inter-Bold.ttf in Resources */ = {isa = PBXBuildFile; fileRef = 3693F935287CC80A00F44A3F /* Inter-Bold.ttf */; };
		3693F93F287CC80A00F44A3F /* Inter-ExtraBold.ttf in Resources */ = {isa = PBXBuildFile; fileRef = 3693F936287CC80A00F44A3F /* Inter-ExtraBold.ttf */; };
		3693F940287CC80A00F44A3F /* Inter-Black.ttf in Resources */ = {isa = PBXBuildFile; fileRef = 3693F937287CC80A00F44A3F /* Inter-Black.ttf */; };
		3693F941287CC80A00F44A3F /* Inter-ExtraLight.ttf in Resources */ = {isa = PBXBuildFile; fileRef = 3693F938287CC80A00F44A3F /* Inter-ExtraLight.ttf */; };
		3693F942287CC80A00F44A3F /* Inter-SemiBold.ttf in Resources */ = {isa = PBXBuildFile; fileRef = 3693F939287CC80A00F44A3F /* Inter-SemiBold.ttf */; };
		3693F943287CC80A00F44A3F /* Inter-Thin.ttf in Resources */ = {isa = PBXBuildFile; fileRef = 3693F93A287CC80A00F44A3F /* Inter-Thin.ttf */; };
		3693F944287CC80A00F44A3F /* Inter-Medium.ttf in Resources */ = {isa = PBXBuildFile; fileRef = 3693F93B287CC80A00F44A3F /* Inter-Medium.ttf */; };
		3693F94C287CD7F100F44A3F /* Launch Screen.storyboard in Resources */ = {isa = PBXBuildFile; fileRef = 3693F94B287CD7F100F44A3F /* Launch Screen.storyboard */; };
		36B21152288C79D1002C0294 /* AutoBrand.swift in Sources */ = {isa = PBXBuildFile; fileRef = 36B21151288C79D1002C0294 /* AutoBrand.swift */; };
		36B21154288C7B12002C0294 /* Car.swift in Sources */ = {isa = PBXBuildFile; fileRef = 36B21153288C7B12002C0294 /* Car.swift */; };
		36C6F0B62882C83900CEC096 /* SplashView.swift in Sources */ = {isa = PBXBuildFile; fileRef = 36C6F0B52882C83900CEC096 /* SplashView.swift */; };
		36C6F0BB28833B4C00CEC096 /* HomeNavigation.swift in Sources */ = {isa = PBXBuildFile; fileRef = 36C6F0BA28833B4C00CEC096 /* HomeNavigation.swift */; };
		36C6F0BE28833B7100CEC096 /* BottomTabView.swift in Sources */ = {isa = PBXBuildFile; fileRef = 36C6F0BD28833B7100CEC096 /* BottomTabView.swift */; };
		36C6F0C02883492100CEC096 /* TabBarViewModel.swift in Sources */ = {isa = PBXBuildFile; fileRef = 36C6F0BF2883492100CEC096 /* TabBarViewModel.swift */; };
		36C6F0C328834ADA00CEC096 /* BottomTab.swift in Sources */ = {isa = PBXBuildFile; fileRef = 36C6F0C228834ADA00CEC096 /* BottomTab.swift */; };
		36C6F0C528834B6700CEC096 /* bottomTabs.swift in Sources */ = {isa = PBXBuildFile; fileRef = 36C6F0C428834B6700CEC096 /* bottomTabs.swift */; };
		36C6F0C728834DC600CEC096 /* TabItemView.swift in Sources */ = {isa = PBXBuildFile; fileRef = 36C6F0C628834DC600CEC096 /* TabItemView.swift */; };
		36CFE9A32887506000605615 /* CarsView.swift in Sources */ = {isa = PBXBuildFile; fileRef = 36CFE9A22887506000605615 /* CarsView.swift */; };
/* End PBXBuildFile section */

/* Begin PBXFileReference section */
		2A7CB1802932A81B00614D04 /* LottieAnimationViewModel.swift */ = {isa = PBXFileReference; lastKnownFileType = sourcecode.swift; path = LottieAnimationViewModel.swift; sourceTree = "<group>"; };
		3629703C288216E400A0B567 /* in-develop-animation.json */ = {isa = PBXFileReference; fileEncoding = 4; lastKnownFileType = text.json; path = "in-develop-animation.json"; sourceTree = "<group>"; };
		3629703F288218F000A0B567 /* InProgressView.swift */ = {isa = PBXFileReference; lastKnownFileType = sourcecode.swift; path = InProgressView.swift; sourceTree = "<group>"; };
		3629704528821BFB00A0B567 /* HapticFeedbackService.swift */ = {isa = PBXFileReference; lastKnownFileType = sourcecode.swift; path = HapticFeedbackService.swift; sourceTree = "<group>"; };
		3629704A28821ED100A0B567 /* Images.swift */ = {isa = PBXFileReference; lastKnownFileType = sourcecode.swift; path = Images.swift; sourceTree = "<group>"; };
		3645B620287F627A007F4473 /* TextInput.swift */ = {isa = PBXFileReference; lastKnownFileType = sourcecode.swift; path = TextInput.swift; sourceTree = "<group>"; };
		3645B623287F64EB007F4473 /* Colors.swift */ = {isa = PBXFileReference; lastKnownFileType = sourcecode.swift; path = Colors.swift; sourceTree = "<group>"; };
		3645B625287F6B1F007F4473 /* MainButton.swift */ = {isa = PBXFileReference; lastKnownFileType = sourcecode.swift; path = MainButton.swift; sourceTree = "<group>"; };
		3645B628287F6D9D007F4473 /* ButtonStyles.swift */ = {isa = PBXFileReference; lastKnownFileType = sourcecode.swift; path = ButtonStyles.swift; sourceTree = "<group>"; };
		3645B62A287F708F007F4473 /* MainText.swift */ = {isa = PBXFileReference; lastKnownFileType = sourcecode.swift; path = MainText.swift; sourceTree = "<group>"; };
		364C1155288C828600318F32 /* data.swift */ = {isa = PBXFileReference; lastKnownFileType = sourcecode.swift; path = data.swift; sourceTree = "<group>"; };
		364C1158288C856F00318F32 /* CarsViewModel.swift */ = {isa = PBXFileReference; lastKnownFileType = sourcecode.swift; path = CarsViewModel.swift; sourceTree = "<group>"; };
		364C115B288C878E00318F32 /* BrandSelectionView.swift */ = {isa = PBXFileReference; lastKnownFileType = sourcecode.swift; path = BrandSelectionView.swift; sourceTree = "<group>"; };
		364C115D288C894200318F32 /* BrandItem.swift */ = {isa = PBXFileReference; lastKnownFileType = sourcecode.swift; path = BrandItem.swift; sourceTree = "<group>"; };
		364C115F288C915600318F32 /* CarListView.swift */ = {isa = PBXFileReference; lastKnownFileType = sourcecode.swift; path = CarListView.swift; sourceTree = "<group>"; };
		364C1161288C91B600318F32 /* CarItemView.swift */ = {isa = PBXFileReference; lastKnownFileType = sourcecode.swift; path = CarItemView.swift; sourceTree = "<group>"; };
		364C1163288C9E6700318F32 /* SearchInput.swift */ = {isa = PBXFileReference; lastKnownFileType = sourcecode.swift; path = SearchInput.swift; sourceTree = "<group>"; };
		364C1165288CA92100318F32 /* HomeHeader.swift */ = {isa = PBXFileReference; lastKnownFileType = sourcecode.swift; path = HomeHeader.swift; sourceTree = "<group>"; };
		36553D3328820B680017333D /* LottieAnimationView.swift */ = {isa = PBXFileReference; lastKnownFileType = sourcecode.swift; path = LottieAnimationView.swift; sourceTree = "<group>"; };
		365FED97288F148B008C4852 /* .swiftlint.yml */ = {isa = PBXFileReference; lastKnownFileType = text.yaml; path = .swiftlint.yml; sourceTree = "<group>"; };
		36873747287CA8EC007DA423 /* uCar.app */ = {isa = PBXFileReference; explicitFileType = wrapper.application; includeInIndex = 0; path = uCar.app; sourceTree = BUILT_PRODUCTS_DIR; };
		3687374A287CA8EC007DA423 /* uCarApp.swift */ = {isa = PBXFileReference; lastKnownFileType = sourcecode.swift; path = uCarApp.swift; sourceTree = "<group>"; };
		3687374C287CA8EC007DA423 /* ContentView.swift */ = {isa = PBXFileReference; lastKnownFileType = sourcecode.swift; path = ContentView.swift; sourceTree = "<group>"; };
		3687374E287CA8EF007DA423 /* Assets.xcassets */ = {isa = PBXFileReference; lastKnownFileType = folder.assetcatalog; path = Assets.xcassets; sourceTree = "<group>"; };
		36873751287CA8EF007DA423 /* Preview Assets.xcassets */ = {isa = PBXFileReference; lastKnownFileType = folder.assetcatalog; path = "Preview Assets.xcassets"; sourceTree = "<group>"; };
		3693F933287CC80A00F44A3F /* Inter-Regular.ttf */ = {isa = PBXFileReference; lastKnownFileType = file; path = "Inter-Regular.ttf"; sourceTree = "<group>"; };
		3693F934287CC80A00F44A3F /* Inter-Light.ttf */ = {isa = PBXFileReference; lastKnownFileType = file; path = "Inter-Light.ttf"; sourceTree = "<group>"; };
		3693F935287CC80A00F44A3F /* Inter-Bold.ttf */ = {isa = PBXFileReference; lastKnownFileType = file; path = "Inter-Bold.ttf"; sourceTree = "<group>"; };
		3693F936287CC80A00F44A3F /* Inter-ExtraBold.ttf */ = {isa = PBXFileReference; lastKnownFileType = file; path = "Inter-ExtraBold.ttf"; sourceTree = "<group>"; };
		3693F937287CC80A00F44A3F /* Inter-Black.ttf */ = {isa = PBXFileReference; lastKnownFileType = file; path = "Inter-Black.ttf"; sourceTree = "<group>"; };
		3693F938287CC80A00F44A3F /* Inter-ExtraLight.ttf */ = {isa = PBXFileReference; lastKnownFileType = file; path = "Inter-ExtraLight.ttf"; sourceTree = "<group>"; };
		3693F939287CC80A00F44A3F /* Inter-SemiBold.ttf */ = {isa = PBXFileReference; lastKnownFileType = file; path = "Inter-SemiBold.ttf"; sourceTree = "<group>"; };
		3693F93A287CC80A00F44A3F /* Inter-Thin.ttf */ = {isa = PBXFileReference; lastKnownFileType = file; path = "Inter-Thin.ttf"; sourceTree = "<group>"; };
		3693F93B287CC80A00F44A3F /* Inter-Medium.ttf */ = {isa = PBXFileReference; lastKnownFileType = file; path = "Inter-Medium.ttf"; sourceTree = "<group>"; };
		3693F945287CC9A200F44A3F /* Info.plist */ = {isa = PBXFileReference; lastKnownFileType = text.plist.xml; path = Info.plist; sourceTree = "<group>"; };
		3693F94B287CD7F100F44A3F /* Launch Screen.storyboard */ = {isa = PBXFileReference; lastKnownFileType = file.storyboard; path = "Launch Screen.storyboard"; sourceTree = "<group>"; };
		36B21151288C79D1002C0294 /* AutoBrand.swift */ = {isa = PBXFileReference; lastKnownFileType = sourcecode.swift; path = AutoBrand.swift; sourceTree = "<group>"; };
		36B21153288C7B12002C0294 /* Car.swift */ = {isa = PBXFileReference; lastKnownFileType = sourcecode.swift; path = Car.swift; sourceTree = "<group>"; };
		36C6F0B52882C83900CEC096 /* SplashView.swift */ = {isa = PBXFileReference; lastKnownFileType = sourcecode.swift; path = SplashView.swift; sourceTree = "<group>"; };
		36C6F0BA28833B4C00CEC096 /* HomeNavigation.swift */ = {isa = PBXFileReference; lastKnownFileType = sourcecode.swift; path = HomeNavigation.swift; sourceTree = "<group>"; };
		36C6F0BD28833B7100CEC096 /* BottomTabView.swift */ = {isa = PBXFileReference; lastKnownFileType = sourcecode.swift; path = BottomTabView.swift; sourceTree = "<group>"; };
		36C6F0BF2883492100CEC096 /* TabBarViewModel.swift */ = {isa = PBXFileReference; lastKnownFileType = sourcecode.swift; path = TabBarViewModel.swift; sourceTree = "<group>"; };
		36C6F0C228834ADA00CEC096 /* BottomTab.swift */ = {isa = PBXFileReference; lastKnownFileType = sourcecode.swift; path = BottomTab.swift; sourceTree = "<group>"; };
		36C6F0C428834B6700CEC096 /* bottomTabs.swift */ = {isa = PBXFileReference; lastKnownFileType = sourcecode.swift; path = bottomTabs.swift; sourceTree = "<group>"; };
		36C6F0C628834DC600CEC096 /* TabItemView.swift */ = {isa = PBXFileReference; lastKnownFileType = sourcecode.swift; path = TabItemView.swift; sourceTree = "<group>"; };
		36CFE9A22887506000605615 /* CarsView.swift */ = {isa = PBXFileReference; lastKnownFileType = sourcecode.swift; path = CarsView.swift; sourceTree = "<group>"; };
		86231EF30CC4D7064BCCDB99 /* Pods-uCar.release.xcconfig */ = {isa = PBXFileReference; includeInIndex = 1; lastKnownFileType = text.xcconfig; name = "Pods-uCar.release.xcconfig"; path = "Target Support Files/Pods-uCar/Pods-uCar.release.xcconfig"; sourceTree = "<group>"; };
		A7AF80F6DE9A4BFC4E2701A9 /* Pods-uCar.debug.xcconfig */ = {isa = PBXFileReference; includeInIndex = 1; lastKnownFileType = text.xcconfig; name = "Pods-uCar.debug.xcconfig"; path = "Target Support Files/Pods-uCar/Pods-uCar.debug.xcconfig"; sourceTree = "<group>"; };
		CF13BE94737E6518507447FC /* Pods_uCar.framework */ = {isa = PBXFileReference; explicitFileType = wrapper.framework; includeInIndex = 0; path = Pods_uCar.framework; sourceTree = BUILT_PRODUCTS_DIR; };
/* End PBXFileReference section */

/* Begin PBXFrameworksBuildPhase section */
		36873744287CA8EC007DA423 /* Frameworks */ = {
			isa = PBXFrameworksBuildPhase;
			buildActionMask = 2147483647;
			files = (
				0ED74734074C0BD080BDE24C /* Pods_uCar.framework in Frameworks */,
			);
			runOnlyForDeploymentPostprocessing = 0;
		};
/* End PBXFrameworksBuildPhase section */

/* Begin PBXGroup section */
		2A7CB17E2932A76700614D04 /* Models */ = {
			isa = PBXGroup;
			children = (
				364C1155288C828600318F32 /* data.swift */,
			);
			path = Models;
			sourceTree = "<group>";
		};
		2A7CB17F2932A77B00614D04 /* ViewModels */ = {
			isa = PBXGroup;
			children = (
				364C1158288C856F00318F32 /* CarsViewModel.swift */,
			);
			path = ViewModels;
			sourceTree = "<group>";
		};
		2A7CB1822932AA6A00614D04 /* Views */ = {
			isa = PBXGroup;
			children = (
				36553D3328820B680017333D /* LottieAnimationView.swift */,
			);
			path = Views;
			sourceTree = "<group>";
		};
		2A7CB1832932AA7700614D04 /* ViewModels */ = {
			isa = PBXGroup;
			children = (
				2A7CB1802932A81B00614D04 /* LottieAnimationViewModel.swift */,
			);
			path = ViewModels;
			sourceTree = "<group>";
		};
		2AEA11622932A4A600FBB08F /* Features */ = {
			isa = PBXGroup;
			children = (
				36553D3228820B490017333D /* LottieAnimationView */,
				3629703E288218D700A0B567 /* InProgressView */,
				36CFE9A12887504F00605615 /* CarsView */,
				36C6F0B928833B1500CEC096 /* Navigation */,
				36C6F0B42882BF7600CEC096 /* SplashView */,
			);
			path = Features;
			sourceTree = "<group>";
		};
		2AEA11632932A4BA00FBB08F /* Shared */ = {
			isa = PBXGroup;
			children = (
				36C6F0C128834AC600CEC096 /* Models */,
				3629704428821BE100A0B567 /* Services */,
				3645B622287F64D8007F4473 /* Constants */,
				3645B627287F6D8D007F4473 /* Styles */,
				3693F946287CCE0700F44A3F /* Views */,
			);
			path = Shared;
			sourceTree = "<group>";
		};
		3629703B288216D700A0B567 /* LottieAnimations */ = {
			isa = PBXGroup;
			children = (
				3629703C288216E400A0B567 /* in-develop-animation.json */,
			);
			path = LottieAnimations;
			sourceTree = "<group>";
		};
		3629703E288218D700A0B567 /* InProgressView */ = {
			isa = PBXGroup;
			children = (
				3629703F288218F000A0B567 /* InProgressView.swift */,
			);
			path = InProgressView;
			sourceTree = "<group>";
		};
		3629704128821B2500A0B567 /* Application */ = {
			isa = PBXGroup;
			children = (
				3687374A287CA8EC007DA423 /* uCarApp.swift */,
				3687374C287CA8EC007DA423 /* ContentView.swift */,
			);
			path = Application;
			sourceTree = "<group>";
		};
		3629704428821BE100A0B567 /* Services */ = {
			isa = PBXGroup;
			children = (
				3629704528821BFB00A0B567 /* HapticFeedbackService.swift */,
			);
			path = Services;
			sourceTree = "<group>";
		};
		3645B622287F64D8007F4473 /* Constants */ = {
			isa = PBXGroup;
			children = (
				3645B623287F64EB007F4473 /* Colors.swift */,
				3629704A28821ED100A0B567 /* Images.swift */,
				36C6F0C428834B6700CEC096 /* bottomTabs.swift */,
			);
			path = Constants;
			sourceTree = "<group>";
		};
		3645B627287F6D8D007F4473 /* Styles */ = {
			isa = PBXGroup;
			children = (
				3645B628287F6D9D007F4473 /* ButtonStyles.swift */,
			);
			path = Styles;
			sourceTree = "<group>";
		};
		364C115A288C876800318F32 /* Views */ = {
			isa = PBXGroup;
			children = (
				36CFE9A22887506000605615 /* CarsView.swift */,
				364C115B288C878E00318F32 /* BrandSelectionView.swift */,
				364C115D288C894200318F32 /* BrandItem.swift */,
				364C115F288C915600318F32 /* CarListView.swift */,
				364C1161288C91B600318F32 /* CarItemView.swift */,
			);
			path = Views;
			sourceTree = "<group>";
		};
		36553D3228820B490017333D /* LottieAnimationView */ = {
			isa = PBXGroup;
			children = (
				2A7CB1832932AA7700614D04 /* ViewModels */,
				2A7CB1822932AA6A00614D04 /* Views */,
			);
			path = LottieAnimationView;
			sourceTree = "<group>";
		};
		3687373E287CA8EC007DA423 = {
			isa = PBXGroup;
			children = (
				365FED97288F148B008C4852 /* .swiftlint.yml */,
				3693F94B287CD7F100F44A3F /* Launch Screen.storyboard */,
				36873749287CA8EC007DA423 /* uCar */,
				36873748287CA8EC007DA423 /* Products */,
				C30E7382D9F7C5E05EB91C2B /* Pods */,
				91C02116168721238BE12D64 /* Frameworks */,
			);
			sourceTree = "<group>";
		};
		36873748287CA8EC007DA423 /* Products */ = {
			isa = PBXGroup;
			children = (
				36873747287CA8EC007DA423 /* uCar.app */,
			);
			name = Products;
			sourceTree = "<group>";
		};
		36873749287CA8EC007DA423 /* uCar */ = {
			isa = PBXGroup;
			children = (
				3693F945287CC9A200F44A3F /* Info.plist */,
				3629704128821B2500A0B567 /* Application */,
				2AEA11622932A4A600FBB08F /* Features */,
				36873750287CA8EF007DA423 /* Preview Content */,
				3693F90C287CC19400F44A3F /* Resources */,
				2AEA11632932A4BA00FBB08F /* Shared */,
			);
			path = uCar;
			sourceTree = "<group>";
		};
		36873750287CA8EF007DA423 /* Preview Content */ = {
			isa = PBXGroup;
			children = (
				36873751287CA8EF007DA423 /* Preview Assets.xcassets */,
			);
			path = "Preview Content";
			sourceTree = "<group>";
		};
		3693F90C287CC19400F44A3F /* Resources */ = {
			isa = PBXGroup;
			children = (
				3629703B288216D700A0B567 /* LottieAnimations */,
				3693F920287CC5F300F44A3F /* Fonts */,
				3687374E287CA8EF007DA423 /* Assets.xcassets */,
			);
			path = Resources;
			sourceTree = "<group>";
		};
		3693F920287CC5F300F44A3F /* Fonts */ = {
			isa = PBXGroup;
			children = (
				3693F937287CC80A00F44A3F /* Inter-Black.ttf */,
				3693F935287CC80A00F44A3F /* Inter-Bold.ttf */,
				3693F936287CC80A00F44A3F /* Inter-ExtraBold.ttf */,
				3693F938287CC80A00F44A3F /* Inter-ExtraLight.ttf */,
				3693F934287CC80A00F44A3F /* Inter-Light.ttf */,
				3693F93B287CC80A00F44A3F /* Inter-Medium.ttf */,
				3693F933287CC80A00F44A3F /* Inter-Regular.ttf */,
				3693F939287CC80A00F44A3F /* Inter-SemiBold.ttf */,
				3693F93A287CC80A00F44A3F /* Inter-Thin.ttf */,
			);
			path = Fonts;
			sourceTree = "<group>";
		};
		3693F946287CCE0700F44A3F /* Views */ = {
			isa = PBXGroup;
			children = (
				3645B620287F627A007F4473 /* TextInput.swift */,
				3645B625287F6B1F007F4473 /* MainButton.swift */,
				3645B62A287F708F007F4473 /* MainText.swift */,
				364C1163288C9E6700318F32 /* SearchInput.swift */,
				364C1165288CA92100318F32 /* HomeHeader.swift */,
			);
			path = Views;
			sourceTree = "<group>";
		};
		36C6F0B42882BF7600CEC096 /* SplashView */ = {
			isa = PBXGroup;
			children = (
				36C6F0B52882C83900CEC096 /* SplashView.swift */,
			);
			path = SplashView;
			sourceTree = "<group>";
		};
		36C6F0B928833B1500CEC096 /* Navigation */ = {
			isa = PBXGroup;
			children = (
				36C6F0BC28833B5700CEC096 /* Views */,
				36C6F0BA28833B4C00CEC096 /* HomeNavigation.swift */,
				36C6F0BF2883492100CEC096 /* TabBarViewModel.swift */,
			);
			path = Navigation;
			sourceTree = "<group>";
		};
		36C6F0BC28833B5700CEC096 /* Views */ = {
			isa = PBXGroup;
			children = (
				36C6F0BD28833B7100CEC096 /* BottomTabView.swift */,
				36C6F0C628834DC600CEC096 /* TabItemView.swift */,
			);
			path = Views;
			sourceTree = "<group>";
		};
		36C6F0C128834AC600CEC096 /* Models */ = {
			isa = PBXGroup;
			children = (
				36C6F0C228834ADA00CEC096 /* BottomTab.swift */,
				36B21151288C79D1002C0294 /* AutoBrand.swift */,
				36B21153288C7B12002C0294 /* Car.swift */,
			);
			path = Models;
			sourceTree = "<group>";
		};
		36CFE9A12887504F00605615 /* CarsView */ = {
			isa = PBXGroup;
			children = (
				2A7CB17F2932A77B00614D04 /* ViewModels */,
				2A7CB17E2932A76700614D04 /* Models */,
				364C115A288C876800318F32 /* Views */,
			);
			path = CarsView;
			sourceTree = "<group>";
		};
		91C02116168721238BE12D64 /* Frameworks */ = {
			isa = PBXGroup;
			children = (
				CF13BE94737E6518507447FC /* Pods_uCar.framework */,
			);
			name = Frameworks;
			sourceTree = "<group>";
		};
		C30E7382D9F7C5E05EB91C2B /* Pods */ = {
			isa = PBXGroup;
			children = (
				A7AF80F6DE9A4BFC4E2701A9 /* Pods-uCar.debug.xcconfig */,
				86231EF30CC4D7064BCCDB99 /* Pods-uCar.release.xcconfig */,
			);
			path = Pods;
			sourceTree = "<group>";
		};
/* End PBXGroup section */

/* Begin PBXNativeTarget section */
		36873746287CA8EC007DA423 /* uCar */ = {
			isa = PBXNativeTarget;
			buildConfigurationList = 3687375A287CA8EF007DA423 /* Build configuration list for PBXNativeTarget "uCar" */;
			buildPhases = (
				0719E1A06EB503CF3FCDD895 /* [CP] Check Pods Manifest.lock */,
				36873743287CA8EC007DA423 /* Sources */,
				36873744287CA8EC007DA423 /* Frameworks */,
				36873745287CA8EC007DA423 /* Resources */,
				26C6C620E7AB683ED533397C /* [CP] Embed Pods Frameworks */,
				36D048E7288F1367007C5AAD /* ShellScript */,
			);
			buildRules = (
			);
			dependencies = (
			);
			name = uCar;
			productName = uCar;
			productReference = 36873747287CA8EC007DA423 /* uCar.app */;
			productType = "com.apple.product-type.application";
		};
/* End PBXNativeTarget section */

/* Begin PBXProject section */
		3687373F287CA8EC007DA423 /* Project object */ = {
			isa = PBXProject;
			attributes = {
				BuildIndependentTargetsInParallel = 1;
				LastSwiftUpdateCheck = 1340;
				LastUpgradeCheck = 1340;
				TargetAttributes = {
					36873746287CA8EC007DA423 = {
						CreatedOnToolsVersion = 13.4.1;
					};
				};
			};
			buildConfigurationList = 36873742287CA8EC007DA423 /* Build configuration list for PBXProject "uCar" */;
			compatibilityVersion = "Xcode 13.0";
			developmentRegion = en;
			hasScannedForEncodings = 0;
			knownRegions = (
				en,
				Base,
			);
			mainGroup = 3687373E287CA8EC007DA423;
			productRefGroup = 36873748287CA8EC007DA423 /* Products */;
			projectDirPath = "";
			projectRoot = "";
			targets = (
				36873746287CA8EC007DA423 /* uCar */,
			);
		};
/* End PBXProject section */

/* Begin PBXResourcesBuildPhase section */
		36873745287CA8EC007DA423 /* Resources */ = {
			isa = PBXResourcesBuildPhase;
			buildActionMask = 2147483647;
			files = (
				3629703D288216E400A0B567 /* in-develop-animation.json in Resources */,
				36873752287CA8EF007DA423 /* Preview Assets.xcassets in Resources */,
				3693F93E287CC80A00F44A3F /* Inter-Bold.ttf in Resources */,
				3693F93C287CC80A00F44A3F /* Inter-Regular.ttf in Resources */,
				3693F942287CC80A00F44A3F /* Inter-SemiBold.ttf in Resources */,
				3693F941287CC80A00F44A3F /* Inter-ExtraLight.ttf in Resources */,
				3693F93D287CC80A00F44A3F /* Inter-Light.ttf in Resources */,
				3693F94C287CD7F100F44A3F /* Launch Screen.storyboard in Resources */,
				3687374F287CA8EF007DA423 /* Assets.xcassets in Resources */,
				3693F93F287CC80A00F44A3F /* Inter-ExtraBold.ttf in Resources */,
				365FED98288F148B008C4852 /* .swiftlint.yml in Resources */,
				3693F943287CC80A00F44A3F /* Inter-Thin.ttf in Resources */,
				3693F944287CC80A00F44A3F /* Inter-Medium.ttf in Resources */,
				3693F940287CC80A00F44A3F /* Inter-Black.ttf in Resources */,
			);
			runOnlyForDeploymentPostprocessing = 0;
		};
/* End PBXResourcesBuildPhase section */

/* Begin PBXShellScriptBuildPhase section */
		0719E1A06EB503CF3FCDD895 /* [CP] Check Pods Manifest.lock */ = {
			isa = PBXShellScriptBuildPhase;
			buildActionMask = 2147483647;
			files = (
			);
			inputFileListPaths = (
			);
			inputPaths = (
				"${PODS_PODFILE_DIR_PATH}/Podfile.lock",
				"${PODS_ROOT}/Manifest.lock",
			);
			name = "[CP] Check Pods Manifest.lock";
			outputFileListPaths = (
			);
			outputPaths = (
				"$(DERIVED_FILE_DIR)/Pods-uCar-checkManifestLockResult.txt",
			);
			runOnlyForDeploymentPostprocessing = 0;
			shellPath = /bin/sh;
			shellScript = "diff \"${PODS_PODFILE_DIR_PATH}/Podfile.lock\" \"${PODS_ROOT}/Manifest.lock\" > /dev/null\nif [ $? != 0 ] ; then\n    # print error to STDERR\n    echo \"error: The sandbox is not in sync with the Podfile.lock. Run 'pod install' or update your CocoaPods installation.\" >&2\n    exit 1\nfi\n# This output is used by Xcode 'outputs' to avoid re-running this script phase.\necho \"SUCCESS\" > \"${SCRIPT_OUTPUT_FILE_0}\"\n";
			showEnvVarsInLog = 0;
		};
		26C6C620E7AB683ED533397C /* [CP] Embed Pods Frameworks */ = {
			isa = PBXShellScriptBuildPhase;
			buildActionMask = 2147483647;
			files = (
			);
			inputFileListPaths = (
				"${PODS_ROOT}/Target Support Files/Pods-uCar/Pods-uCar-frameworks-${CONFIGURATION}-input-files.xcfilelist",
			);
			name = "[CP] Embed Pods Frameworks";
			outputFileListPaths = (
				"${PODS_ROOT}/Target Support Files/Pods-uCar/Pods-uCar-frameworks-${CONFIGURATION}-output-files.xcfilelist",
			);
			runOnlyForDeploymentPostprocessing = 0;
			shellPath = /bin/sh;
			shellScript = "\"${PODS_ROOT}/Target Support Files/Pods-uCar/Pods-uCar-frameworks.sh\"\n";
			showEnvVarsInLog = 0;
		};
		36D048E7288F1367007C5AAD /* ShellScript */ = {
			isa = PBXShellScriptBuildPhase;
			buildActionMask = 2147483647;
			files = (
			);
			inputFileListPaths = (
			);
			inputPaths = (
			);
			outputFileListPaths = (
			);
			outputPaths = (
			);
			runOnlyForDeploymentPostprocessing = 0;
			shellPath = /bin/sh;
			shellScript = "export PATH=\"$PATH:/opt/homebrew/bin\"\nif which swiftlint > /dev/null; then\n  swiftlint\nelse\n  echo \"warning: SwiftLint not installed, download from https://github.com/realm/SwiftLint\"\nfi\n";
		};
/* End PBXShellScriptBuildPhase section */

/* Begin PBXSourcesBuildPhase section */
		36873743287CA8EC007DA423 /* Sources */ = {
			isa = PBXSourcesBuildPhase;
			buildActionMask = 2147483647;
			files = (
				3645B62B287F708F007F4473 /* MainText.swift in Sources */,
				364C1162288C91B600318F32 /* CarItemView.swift in Sources */,
				2A7CB1812932A81B00614D04 /* LottieAnimationViewModel.swift in Sources */,
				3645B624287F64EB007F4473 /* Colors.swift in Sources */,
				364C115E288C894200318F32 /* BrandItem.swift in Sources */,
				3645B626287F6B1F007F4473 /* MainButton.swift in Sources */,
				36C6F0BB28833B4C00CEC096 /* HomeNavigation.swift in Sources */,
				364C1166288CA92100318F32 /* HomeHeader.swift in Sources */,
				364C115C288C878E00318F32 /* BrandSelectionView.swift in Sources */,
				36C6F0C02883492100CEC096 /* TabBarViewModel.swift in Sources */,
				36C6F0BE28833B7100CEC096 /* BottomTabView.swift in Sources */,
				364C1156288C828600318F32 /* data.swift in Sources */,
				36C6F0C328834ADA00CEC096 /* BottomTab.swift in Sources */,
				3687374D287CA8EC007DA423 /* ContentView.swift in Sources */,
				364C1160288C915600318F32 /* CarListView.swift in Sources */,
				3645B629287F6D9D007F4473 /* ButtonStyles.swift in Sources */,
				3629704B28821ED100A0B567 /* Images.swift in Sources */,
				36C6F0C528834B6700CEC096 /* bottomTabs.swift in Sources */,
				36C6F0C728834DC600CEC096 /* TabItemView.swift in Sources */,
				36553D3428820B680017333D /* LottieAnimationView.swift in Sources */,
				364C1164288C9E6700318F32 /* SearchInput.swift in Sources */,
				3645B621287F627A007F4473 /* TextInput.swift in Sources */,
				36B21152288C79D1002C0294 /* AutoBrand.swift in Sources */,
				36B21154288C7B12002C0294 /* Car.swift in Sources */,
				36CFE9A32887506000605615 /* CarsView.swift in Sources */,
				364C1159288C856F00318F32 /* CarsViewModel.swift in Sources */,
				3629704628821BFB00A0B567 /* HapticFeedbackService.swift in Sources */,
				36297040288218F000A0B567 /* InProgressView.swift in Sources */,
				3687374B287CA8EC007DA423 /* uCarApp.swift in Sources */,
				36C6F0B62882C83900CEC096 /* SplashView.swift in Sources */,
			);
			runOnlyForDeploymentPostprocessing = 0;
		};
/* End PBXSourcesBuildPhase section */

/* Begin XCBuildConfiguration section */
		36873758287CA8EF007DA423 /* Debug */ = {
			isa = XCBuildConfiguration;
			buildSettings = {
				ALWAYS_SEARCH_USER_PATHS = NO;
				CLANG_ANALYZER_NONNULL = YES;
				CLANG_ANALYZER_NUMBER_OBJECT_CONVERSION = YES_AGGRESSIVE;
				CLANG_CXX_LANGUAGE_STANDARD = "gnu++17";
				CLANG_ENABLE_MODULES = YES;
				CLANG_ENABLE_OBJC_ARC = YES;
				CLANG_ENABLE_OBJC_WEAK = YES;
				CLANG_WARN_BLOCK_CAPTURE_AUTORELEASING = YES;
				CLANG_WARN_BOOL_CONVERSION = YES;
				CLANG_WARN_COMMA = YES;
				CLANG_WARN_CONSTANT_CONVERSION = YES;
				CLANG_WARN_DEPRECATED_OBJC_IMPLEMENTATIONS = YES;
				CLANG_WARN_DIRECT_OBJC_ISA_USAGE = YES_ERROR;
				CLANG_WARN_DOCUMENTATION_COMMENTS = YES;
				CLANG_WARN_EMPTY_BODY = YES;
				CLANG_WARN_ENUM_CONVERSION = YES;
				CLANG_WARN_INFINITE_RECURSION = YES;
				CLANG_WARN_INT_CONVERSION = YES;
				CLANG_WARN_NON_LITERAL_NULL_CONVERSION = YES;
				CLANG_WARN_OBJC_IMPLICIT_RETAIN_SELF = YES;
				CLANG_WARN_OBJC_LITERAL_CONVERSION = YES;
				CLANG_WARN_OBJC_ROOT_CLASS = YES_ERROR;
				CLANG_WARN_QUOTED_INCLUDE_IN_FRAMEWORK_HEADER = YES;
				CLANG_WARN_RANGE_LOOP_ANALYSIS = YES;
				CLANG_WARN_STRICT_PROTOTYPES = YES;
				CLANG_WARN_SUSPICIOUS_MOVE = YES;
				CLANG_WARN_UNGUARDED_AVAILABILITY = YES_AGGRESSIVE;
				CLANG_WARN_UNREACHABLE_CODE = YES;
				CLANG_WARN__DUPLICATE_METHOD_MATCH = YES;
				COPY_PHASE_STRIP = NO;
				DEBUG_INFORMATION_FORMAT = dwarf;
				ENABLE_STRICT_OBJC_MSGSEND = YES;
				ENABLE_TESTABILITY = YES;
				GCC_C_LANGUAGE_STANDARD = gnu11;
				GCC_DYNAMIC_NO_PIC = NO;
				GCC_NO_COMMON_BLOCKS = YES;
				GCC_OPTIMIZATION_LEVEL = 0;
				GCC_PREPROCESSOR_DEFINITIONS = (
					"DEBUG=1",
					"$(inherited)",
				);
				GCC_WARN_64_TO_32_BIT_CONVERSION = YES;
				GCC_WARN_ABOUT_RETURN_TYPE = YES_ERROR;
				GCC_WARN_UNDECLARED_SELECTOR = YES;
				GCC_WARN_UNINITIALIZED_AUTOS = YES_AGGRESSIVE;
				GCC_WARN_UNUSED_FUNCTION = YES;
				GCC_WARN_UNUSED_VARIABLE = YES;
				IPHONEOS_DEPLOYMENT_TARGET = 15.5;
				MTL_ENABLE_DEBUG_INFO = INCLUDE_SOURCE;
				MTL_FAST_MATH = YES;
				ONLY_ACTIVE_ARCH = YES;
				SDKROOT = iphoneos;
				SWIFT_ACTIVE_COMPILATION_CONDITIONS = DEBUG;
				SWIFT_OPTIMIZATION_LEVEL = "-Onone";
			};
			name = Debug;
		};
		36873759287CA8EF007DA423 /* Release */ = {
			isa = XCBuildConfiguration;
			buildSettings = {
				ALWAYS_SEARCH_USER_PATHS = NO;
				CLANG_ANALYZER_NONNULL = YES;
				CLANG_ANALYZER_NUMBER_OBJECT_CONVERSION = YES_AGGRESSIVE;
				CLANG_CXX_LANGUAGE_STANDARD = "gnu++17";
				CLANG_ENABLE_MODULES = YES;
				CLANG_ENABLE_OBJC_ARC = YES;
				CLANG_ENABLE_OBJC_WEAK = YES;
				CLANG_WARN_BLOCK_CAPTURE_AUTORELEASING = YES;
				CLANG_WARN_BOOL_CONVERSION = YES;
				CLANG_WARN_COMMA = YES;
				CLANG_WARN_CONSTANT_CONVERSION = YES;
				CLANG_WARN_DEPRECATED_OBJC_IMPLEMENTATIONS = YES;
				CLANG_WARN_DIRECT_OBJC_ISA_USAGE = YES_ERROR;
				CLANG_WARN_DOCUMENTATION_COMMENTS = YES;
				CLANG_WARN_EMPTY_BODY = YES;
				CLANG_WARN_ENUM_CONVERSION = YES;
				CLANG_WARN_INFINITE_RECURSION = YES;
				CLANG_WARN_INT_CONVERSION = YES;
				CLANG_WARN_NON_LITERAL_NULL_CONVERSION = YES;
				CLANG_WARN_OBJC_IMPLICIT_RETAIN_SELF = YES;
				CLANG_WARN_OBJC_LITERAL_CONVERSION = YES;
				CLANG_WARN_OBJC_ROOT_CLASS = YES_ERROR;
				CLANG_WARN_QUOTED_INCLUDE_IN_FRAMEWORK_HEADER = YES;
				CLANG_WARN_RANGE_LOOP_ANALYSIS = YES;
				CLANG_WARN_STRICT_PROTOTYPES = YES;
				CLANG_WARN_SUSPICIOUS_MOVE = YES;
				CLANG_WARN_UNGUARDED_AVAILABILITY = YES_AGGRESSIVE;
				CLANG_WARN_UNREACHABLE_CODE = YES;
				CLANG_WARN__DUPLICATE_METHOD_MATCH = YES;
				COPY_PHASE_STRIP = NO;
				DEBUG_INFORMATION_FORMAT = "dwarf-with-dsym";
				ENABLE_NS_ASSERTIONS = NO;
				ENABLE_STRICT_OBJC_MSGSEND = YES;
				GCC_C_LANGUAGE_STANDARD = gnu11;
				GCC_NO_COMMON_BLOCKS = YES;
				GCC_WARN_64_TO_32_BIT_CONVERSION = YES;
				GCC_WARN_ABOUT_RETURN_TYPE = YES_ERROR;
				GCC_WARN_UNDECLARED_SELECTOR = YES;
				GCC_WARN_UNINITIALIZED_AUTOS = YES_AGGRESSIVE;
				GCC_WARN_UNUSED_FUNCTION = YES;
				GCC_WARN_UNUSED_VARIABLE = YES;
				IPHONEOS_DEPLOYMENT_TARGET = 15.5;
				MTL_ENABLE_DEBUG_INFO = NO;
				MTL_FAST_MATH = YES;
				SDKROOT = iphoneos;
				SWIFT_COMPILATION_MODE = wholemodule;
				SWIFT_OPTIMIZATION_LEVEL = "-O";
				VALIDATE_PRODUCT = YES;
			};
			name = Release;
		};
		3687375B287CA8EF007DA423 /* Debug */ = {
			isa = XCBuildConfiguration;
			baseConfigurationReference = A7AF80F6DE9A4BFC4E2701A9 /* Pods-uCar.debug.xcconfig */;
			buildSettings = {
				ASSETCATALOG_COMPILER_APPICON_NAME = AppIcon;
				ASSETCATALOG_COMPILER_GLOBAL_ACCENT_COLOR_NAME = AccentColor;
				ASSETCATALOG_COMPILER_INCLUDE_ALL_APPICON_ASSETS = NO;
				CODE_SIGN_STYLE = Automatic;
				CURRENT_PROJECT_VERSION = 1;
				DEVELOPMENT_ASSET_PATHS = "\"uCar/Preview Content\"";
				DEVELOPMENT_TEAM = "";
				ENABLE_PREVIEWS = YES;
				GENERATE_INFOPLIST_FILE = YES;
				INFOPLIST_FILE = uCar/Info.plist;
				INFOPLIST_KEY_CFBundleDisplayName = "";
				INFOPLIST_KEY_LSApplicationCategoryType = "";
				INFOPLIST_KEY_UIApplicationSceneManifest_Generation = YES;
				INFOPLIST_KEY_UIApplicationSupportsIndirectInputEvents = YES;
				INFOPLIST_KEY_UILaunchScreen_Generation = YES;
				INFOPLIST_KEY_UILaunchStoryboardName = "Launch Screen.storyboard";
				INFOPLIST_KEY_UISupportedInterfaceOrientations = UIInterfaceOrientationPortrait;
				INFOPLIST_KEY_UISupportedInterfaceOrientations_iPad = "UIInterfaceOrientationPortrait UIInterfaceOrientationPortraitUpsideDown UIInterfaceOrientationLandscapeLeft UIInterfaceOrientationLandscapeRight";
				INFOPLIST_KEY_UISupportedInterfaceOrientations_iPhone = "UIInterfaceOrientationPortrait UIInterfaceOrientationLandscapeLeft UIInterfaceOrientationLandscapeRight";
				LD_RUNPATH_SEARCH_PATHS = (
					"$(inherited)",
					"@executable_path/Frameworks",
				);
				MARKETING_VERSION = 1.0;
				PRODUCT_BUNDLE_IDENTIFIER = "com.alex-and-alik.team.uCar";
				PRODUCT_NAME = "$(TARGET_NAME)";
				SWIFT_EMIT_LOC_STRINGS = YES;
				SWIFT_VERSION = 5.0;
				TARGETED_DEVICE_FAMILY = 1;
			};
			name = Debug;
		};
		3687375C287CA8EF007DA423 /* Release */ = {
			isa = XCBuildConfiguration;
			baseConfigurationReference = 86231EF30CC4D7064BCCDB99 /* Pods-uCar.release.xcconfig */;
			buildSettings = {
				ASSETCATALOG_COMPILER_APPICON_NAME = AppIcon;
				ASSETCATALOG_COMPILER_GLOBAL_ACCENT_COLOR_NAME = AccentColor;
				ASSETCATALOG_COMPILER_INCLUDE_ALL_APPICON_ASSETS = NO;
				CODE_SIGN_STYLE = Automatic;
				CURRENT_PROJECT_VERSION = 1;
				DEVELOPMENT_ASSET_PATHS = "\"uCar/Preview Content\"";
				DEVELOPMENT_TEAM = "";
				ENABLE_PREVIEWS = YES;
				GENERATE_INFOPLIST_FILE = YES;
				INFOPLIST_FILE = uCar/Info.plist;
				INFOPLIST_KEY_CFBundleDisplayName = "";
				INFOPLIST_KEY_LSApplicationCategoryType = "";
				INFOPLIST_KEY_UIApplicationSceneManifest_Generation = YES;
				INFOPLIST_KEY_UIApplicationSupportsIndirectInputEvents = YES;
				INFOPLIST_KEY_UILaunchScreen_Generation = YES;
				INFOPLIST_KEY_UILaunchStoryboardName = "Launch Screen.storyboard";
				INFOPLIST_KEY_UISupportedInterfaceOrientations = UIInterfaceOrientationPortrait;
				INFOPLIST_KEY_UISupportedInterfaceOrientations_iPad = "UIInterfaceOrientationPortrait UIInterfaceOrientationPortraitUpsideDown UIInterfaceOrientationLandscapeLeft UIInterfaceOrientationLandscapeRight";
				INFOPLIST_KEY_UISupportedInterfaceOrientations_iPhone = "UIInterfaceOrientationPortrait UIInterfaceOrientationLandscapeLeft UIInterfaceOrientationLandscapeRight";
				LD_RUNPATH_SEARCH_PATHS = (
					"$(inherited)",
					"@executable_path/Frameworks",
				);
				MARKETING_VERSION = 1.0;
				PRODUCT_BUNDLE_IDENTIFIER = "com.alex-and-alik.team.uCar";
				PRODUCT_NAME = "$(TARGET_NAME)";
				SWIFT_EMIT_LOC_STRINGS = YES;
				SWIFT_VERSION = 5.0;
				TARGETED_DEVICE_FAMILY = 1;
			};
			name = Release;
		};
/* End XCBuildConfiguration section */

/* Begin XCConfigurationList section */
		36873742287CA8EC007DA423 /* Build configuration list for PBXProject "uCar" */ = {
			isa = XCConfigurationList;
			buildConfigurations = (
				36873758287CA8EF007DA423 /* Debug */,
				36873759287CA8EF007DA423 /* Release */,
			);
			defaultConfigurationIsVisible = 0;
			defaultConfigurationName = Release;
		};
		3687375A287CA8EF007DA423 /* Build configuration list for PBXNativeTarget "uCar" */ = {
			isa = XCConfigurationList;
			buildConfigurations = (
				3687375B287CA8EF007DA423 /* Debug */,
				3687375C287CA8EF007DA423 /* Release */,
			);
			defaultConfigurationIsVisible = 0;
			defaultConfigurationName = Release;
		};
/* End XCConfigurationList section */
	};
	rootObject = 3687373F287CA8EC007DA423 /* Project object */;
}
